Microsoft Visual Studio Solution File, Format Version 12.00
# Visual Studio Version 17
VisualStudioVersion = 17.5.2.0
MinimumVisualStudioVersion = 10.0.40219.1
Project("{FAE04EC0-301F-11D3-BF4B-00C04F79EFBC}") = "MuseumAdmin", "MuseumAdmin.csproj", "{0A50BE29-6D8D-0876-64D1-2E275C00EDBD}"
EndProject
Global
	GlobalSection(SolutionConfigurationPlatforms) = preSolution
		Debug|Any CPU = Debug|Any CPU
		Release|Any CPU = Release|Any CPU
	EndGlobalSection
	GlobalSection(ProjectConfigurationPlatforms) = postSolution
		{0A50BE29-6D8D-0876-64D1-2E275C00EDBD}.Debug|Any CPU.ActiveCfg = Debug|Any CPU
		{0A50BE29-6D8D-0876-64D1-2E275C00EDBD}.Debug|Any CPU.Build.0 = Debug|Any CPU
		{0A50BE29-6D8D-0876-64D1-2E275C00EDBD}.Release|Any CPU.ActiveCfg = Release|Any CPU
		{0A50BE29-6D8D-0876-64D1-2E275C00EDBD}.Release|Any CPU.Build.0 = Release|Any CPU
	EndGlobalSection
	GlobalSection(SolutionProperties) = preSolution
		HideSolutionNode = FALSE
	EndGlobalSection
	GlobalSection(ExtensibilityGlobals) = postSolution
		SolutionGuid = {8E842DE2-4D12-42C7-B298-BC1E54AB3D78}
	EndGlobalSection
EndGlobal
